
Microsoft Visual Studio Solution File, Format Version 12.00
# Visual Studio Version 16
VisualStudioVersion = 16.0.31005.135
MinimumVisualStudioVersion = 10.0.40219.1
Project("{9A19103F-16F7-4668-BE54-9A1E7A4F7556}") = "SvanteSarahsApp", "SvanteSarahsApp.csproj", "{7699FDD1-04A0-4ABD-9FCD-A44BC04F0C37}"
EndProject
Project("{FAE04EC0-301F-11D3-BF4B-00C04F79EFBC}") = "NUnitTestSvanteSarhasApp", "..\NUnitTestSvanteSarhasApp\NUnitTestSvanteSarhasApp.csproj", "{F5D04856-3040-4F83-87B7-12F82BEC1711}"
EndProject
Project("{FAE04EC0-301F-11D3-BF4B-00C04F79EFBC}") = "NUnitTestSvanteSarahsApp", "NUnitTestSvanteSarahsApp\NUnitTestSvanteSarahsApp.csproj", "{A9863C81-DF0B-4925-B5B4-E60263511092}"
EndProject
Global
	GlobalSection(SolutionConfigurationPlatforms) = preSolution
		Debug|Any CPU = Debug|Any CPU
		Release|Any CPU = Release|Any CPU
	EndGlobalSection
	GlobalSection(ProjectConfigurationPlatforms) = postSolution
		{7699FDD1-04A0-4ABD-9FCD-A44BC04F0C37}.Debug|Any CPU.ActiveCfg = Debug|Any CPU
		{7699FDD1-04A0-4ABD-9FCD-A44BC04F0C37}.Debug|Any CPU.Build.0 = Debug|Any CPU
		{7699FDD1-04A0-4ABD-9FCD-A44BC04F0C37}.Release|Any CPU.ActiveCfg = Release|Any CPU
		{7699FDD1-04A0-4ABD-9FCD-A44BC04F0C37}.Release|Any CPU.Build.0 = Release|Any CPU
		{F5D04856-3040-4F83-87B7-12F82BEC1711}.Debug|Any CPU.ActiveCfg = Debug|Any CPU
		{F5D04856-3040-4F83-87B7-12F82BEC1711}.Debug|Any CPU.Build.0 = Debug|Any CPU
		{F5D04856-3040-4F83-87B7-12F82BEC1711}.Release|Any CPU.ActiveCfg = Release|Any CPU
		{F5D04856-3040-4F83-87B7-12F82BEC1711}.Release|Any CPU.Build.0 = Release|Any CPU
		{A9863C81-DF0B-4925-B5B4-E60263511092}.Debug|Any CPU.ActiveCfg = Debug|Any CPU
		{A9863C81-DF0B-4925-B5B4-E60263511092}.Debug|Any CPU.Build.0 = Debug|Any CPU
		{A9863C81-DF0B-4925-B5B4-E60263511092}.Release|Any CPU.ActiveCfg = Release|Any CPU
		{A9863C81-DF0B-4925-B5B4-E60263511092}.Release|Any CPU.Build.0 = Release|Any CPU
	EndGlobalSection
	GlobalSection(SolutionProperties) = preSolution
		HideSolutionNode = FALSE
	EndGlobalSection
	GlobalSection(ExtensibilityGlobals) = postSolution
		SolutionGuid = {5A1061CF-ABBA-4A86-81C5-037050D89636}
	EndGlobalSection
EndGlobal
